
Microsoft Visual Studio Solution File, Format Version 12.00
# Visual Studio Version 17
VisualStudioVersion = 17.8.34330.188
MinimumVisualStudioVersion = 10.0.40219.1
Project("{9A19103F-16F7-4668-BE54-9A1E7A4F7556}") = "DXApplication2.Module", "DXApplication2.Module\DXApplication2.Module.csproj", "{12392F80-DB3B-4B87-89D2-78270D0DF243}"
EndProject
Project("{9A19103F-16F7-4668-BE54-9A1E7A4F7556}") = "DXApplication2.Blazor.Server", "DXApplication2.Blazor.Server\DXApplication2.Blazor.Server.csproj", "{873A90A7-6E00-4429-93A3-3A15C2EDFDEE}"
EndProject
Global
	GlobalSection(SolutionConfigurationPlatforms) = preSolution
		Debug|Any CPU = Debug|Any CPU
		EasyTest|Any CPU = EasyTest|Any CPU
		Release|Any CPU = Release|Any CPU
	EndGlobalSection
	GlobalSection(ProjectConfigurationPlatforms) = postSolution
		{12392F80-DB3B-4B87-89D2-78270D0DF243}.Debug|Any CPU.ActiveCfg = Debug|Any CPU
		{12392F80-DB3B-4B87-89D2-78270D0DF243}.Debug|Any CPU.Build.0 = Debug|Any CPU
		{12392F80-DB3B-4B87-89D2-78270D0DF243}.EasyTest|Any CPU.ActiveCfg = EasyTest|Any CPU
		{12392F80-DB3B-4B87-89D2-78270D0DF243}.EasyTest|Any CPU.Build.0 = EasyTest|Any CPU
		{12392F80-DB3B-4B87-89D2-78270D0DF243}.Release|Any CPU.ActiveCfg = Release|Any CPU
		{12392F80-DB3B-4B87-89D2-78270D0DF243}.Release|Any CPU.Build.0 = Release|Any CPU
		{873A90A7-6E00-4429-93A3-3A15C2EDFDEE}.Debug|Any CPU.ActiveCfg = Debug|Any CPU
		{873A90A7-6E00-4429-93A3-3A15C2EDFDEE}.Debug|Any CPU.Build.0 = Debug|Any CPU
		{873A90A7-6E00-4429-93A3-3A15C2EDFDEE}.EasyTest|Any CPU.ActiveCfg = EasyTest|Any CPU
		{873A90A7-6E00-4429-93A3-3A15C2EDFDEE}.EasyTest|Any CPU.Build.0 = EasyTest|Any CPU
		{873A90A7-6E00-4429-93A3-3A15C2EDFDEE}.Release|Any CPU.ActiveCfg = Release|Any CPU
		{873A90A7-6E00-4429-93A3-3A15C2EDFDEE}.Release|Any CPU.Build.0 = Release|Any CPU
	EndGlobalSection
	GlobalSection(SolutionProperties) = preSolution
		HideSolutionNode = FALSE
	EndGlobalSection
EndGlobal
